
Microsoft Visual Studio Solution File, Format Version 12.00
# Visual Studio Version 16
VisualStudioVersion = 16.0.31129.286
MinimumVisualStudioVersion = 10.0.40219.1
Project("{FAE04EC0-301F-11D3-BF4B-00C04F79EFBC}") = "PoE.BuffWatcher.Capture", "PoE.BuffWatcher.Capture\PoE.BuffWatcher.Capture.csproj", "{2C195FD8-5CA8-4BB0-971E-D5FABB163618}"
EndProject
Project("{9A19103F-16F7-4668-BE54-9A1E7A4F7556}") = "PoE.BuffWatcher.Console", "PoE.BuffWatcher.Console\PoE.BuffWatcher.Console.csproj", "{026B0567-2B78-43D8-AEDD-DB6AED6E002D}"
EndProject
Project("{FAE04EC0-301F-11D3-BF4B-00C04F79EFBC}") = "PoE.BuffWatcher.Imports", "PoE.BuffWatcher.Imports\PoE.BuffWatcher.Imports.csproj", "{CFBD4487-59BE-4D54-AF73-DE18AAFAB22A}"
EndProject
Global
	GlobalSection(SolutionConfigurationPlatforms) = preSolution
		Debug|Any CPU = Debug|Any CPU
		Release|Any CPU = Release|Any CPU
	EndGlobalSection
	GlobalSection(ProjectConfigurationPlatforms) = postSolution
		{2C195FD8-5CA8-4BB0-971E-D5FABB163618}.Debug|Any CPU.ActiveCfg = Debug|Any CPU
		{2C195FD8-5CA8-4BB0-971E-D5FABB163618}.Debug|Any CPU.Build.0 = Debug|Any CPU
		{2C195FD8-5CA8-4BB0-971E-D5FABB163618}.Release|Any CPU.ActiveCfg = Release|Any CPU
		{2C195FD8-5CA8-4BB0-971E-D5FABB163618}.Release|Any CPU.Build.0 = Release|Any CPU
		{026B0567-2B78-43D8-AEDD-DB6AED6E002D}.Debug|Any CPU.ActiveCfg = Debug|Any CPU
		{026B0567-2B78-43D8-AEDD-DB6AED6E002D}.Debug|Any CPU.Build.0 = Debug|Any CPU
		{026B0567-2B78-43D8-AEDD-DB6AED6E002D}.Release|Any CPU.ActiveCfg = Release|Any CPU
		{026B0567-2B78-43D8-AEDD-DB6AED6E002D}.Release|Any CPU.Build.0 = Release|Any CPU
		{CFBD4487-59BE-4D54-AF73-DE18AAFAB22A}.Debug|Any CPU.ActiveCfg = Debug|Any CPU
		{CFBD4487-59BE-4D54-AF73-DE18AAFAB22A}.Debug|Any CPU.Build.0 = Debug|Any CPU
		{CFBD4487-59BE-4D54-AF73-DE18AAFAB22A}.Release|Any CPU.ActiveCfg = Release|Any CPU
		{CFBD4487-59BE-4D54-AF73-DE18AAFAB22A}.Release|Any CPU.Build.0 = Release|Any CPU
	EndGlobalSection
	GlobalSection(SolutionProperties) = preSolution
		HideSolutionNode = FALSE
	EndGlobalSection
	GlobalSection(ExtensibilityGlobals) = postSolution
		SolutionGuid = {C7E8D615-D384-40B1-9AA5-30F65A92164D}
	EndGlobalSection
EndGlobal
